
Microsoft Visual Studio Solution File, Format Version 12.00
# Visual Studio 2013
VisualStudioVersion = 12.0.40629.0
MinimumVisualStudioVersion = 10.0.40219.1
Project("{FAE04EC0-301F-11D3-BF4B-00C04F79EFBC}") = "JonnyOnTheWeb", "JonnyOnTheWeb\JonnyOnTheWeb.csproj", "{9ED717A4-F0D8-4CAC-90EC-6D5930943E33}"
EndProject
Project("{FAE04EC0-301F-11D3-BF4B-00C04F79EFBC}") = "JonnyOnTheWeb.Tests", "JonnyOnTheWeb.Tests\JonnyOnTheWeb.Tests.csproj", "{0A47D945-43DD-48EC-83C1-F0FAD816F750}"
EndProject
Global
	GlobalSection(SolutionConfigurationPlatforms) = preSolution
		Debug|Any CPU = Debug|Any CPU
		Release|Any CPU = Release|Any CPU
	EndGlobalSection
	GlobalSection(ProjectConfigurationPlatforms) = postSolution
		{9ED717A4-F0D8-4CAC-90EC-6D5930943E33}.Debug|Any CPU.ActiveCfg = Debug|Any CPU
		{9ED717A4-F0D8-4CAC-90EC-6D5930943E33}.Debug|Any CPU.Build.0 = Debug|Any CPU
		{9ED717A4-F0D8-4CAC-90EC-6D5930943E33}.Release|Any CPU.ActiveCfg = Release|Any CPU
		{9ED717A4-F0D8-4CAC-90EC-6D5930943E33}.Release|Any CPU.Build.0 = Release|Any CPU
		{0A47D945-43DD-48EC-83C1-F0FAD816F750}.Debug|Any CPU.ActiveCfg = Debug|Any CPU
		{0A47D945-43DD-48EC-83C1-F0FAD816F750}.Debug|Any CPU.Build.0 = Debug|Any CPU
		{0A47D945-43DD-48EC-83C1-F0FAD816F750}.Release|Any CPU.ActiveCfg = Release|Any CPU
		{0A47D945-43DD-48EC-83C1-F0FAD816F750}.Release|Any CPU.Build.0 = Release|Any CPU
	EndGlobalSection
	GlobalSection(SolutionProperties) = preSolution
		HideSolutionNode = FALSE
	EndGlobalSection
EndGlobal
